
Microsoft Visual Studio Solution File, Format Version 12.00
# Visual Studio Version 17
VisualStudioVersion = 17.8.34330.188
MinimumVisualStudioVersion = 10.0.40219.1
Project("{2150E333-8FDC-42A3-9474-1A3956D46DE8}") = "Lession1", "Lession1", "{B6DF80AF-E4FE-42F1-A030-2746277D7868}"
EndProject
Project("{FAE04EC0-301F-11D3-BF4B-00C04F79EFBC}") = "Lession1A", "Lession1\Lession1A\Lession1A.csproj", "{1897C2C2-EB2E-4C83-B6A0-943B01A3EB76}"
EndProject
Project("{FAE04EC0-301F-11D3-BF4B-00C04F79EFBC}") = "Lession1B", "Lession1\Lession1B\Lession1B.csproj", "{B29347F8-4F67-4CC8-9B75-401CBF671A07}"
EndProject
Global
	GlobalSection(SolutionConfigurationPlatforms) = preSolution
		Debug|Any CPU = Debug|Any CPU
		Release|Any CPU = Release|Any CPU
	EndGlobalSection
	GlobalSection(ProjectConfigurationPlatforms) = postSolution
		{1897C2C2-EB2E-4C83-B6A0-943B01A3EB76}.Debug|Any CPU.ActiveCfg = Debug|Any CPU
		{1897C2C2-EB2E-4C83-B6A0-943B01A3EB76}.Debug|Any CPU.Build.0 = Debug|Any CPU
		{1897C2C2-EB2E-4C83-B6A0-943B01A3EB76}.Release|Any CPU.ActiveCfg = Release|Any CPU
		{1897C2C2-EB2E-4C83-B6A0-943B01A3EB76}.Release|Any CPU.Build.0 = Release|Any CPU
		{B29347F8-4F67-4CC8-9B75-401CBF671A07}.Debug|Any CPU.ActiveCfg = Debug|Any CPU
		{B29347F8-4F67-4CC8-9B75-401CBF671A07}.Debug|Any CPU.Build.0 = Debug|Any CPU
		{B29347F8-4F67-4CC8-9B75-401CBF671A07}.Release|Any CPU.ActiveCfg = Release|Any CPU
		{B29347F8-4F67-4CC8-9B75-401CBF671A07}.Release|Any CPU.Build.0 = Release|Any CPU
	EndGlobalSection
	GlobalSection(SolutionProperties) = preSolution
		HideSolutionNode = FALSE
	EndGlobalSection
	GlobalSection(NestedProjects) = preSolution
		{1897C2C2-EB2E-4C83-B6A0-943B01A3EB76} = {B6DF80AF-E4FE-42F1-A030-2746277D7868}
		{B29347F8-4F67-4CC8-9B75-401CBF671A07} = {B6DF80AF-E4FE-42F1-A030-2746277D7868}
	EndGlobalSection
	GlobalSection(ExtensibilityGlobals) = postSolution
		SolutionGuid = {76C7FE0D-8FD6-4EF7-A740-F66B4AA1B56A}
	EndGlobalSection
EndGlobal
